
Microsoft Visual Studio Solution File, Format Version 12.00
# Visual Studio Version 17
VisualStudioVersion = 17.2.32516.85
MinimumVisualStudioVersion = 10.0.40219.1
Project("{9A19103F-16F7-4668-BE54-9A1E7A4F7556}") = "TodoListASPNETmvc", "TodoListASPNETmvc\TodoListASPNETmvc.csproj", "{8624882C-DD1C-4E48-B006-5D12C39F41A7}"
EndProject
Project("{9A19103F-16F7-4668-BE54-9A1E7A4F7556}") = "ToDoListConsole", "TodoListConsole\TodoListConsole.csproj", "{0910F1A9-3C01-47FB-B4CA-FC908E354AD7}"
EndProject
Project("{9A19103F-16F7-4668-BE54-9A1E7A4F7556}") = "TodoListDal", "TodoListDal\TodoListDal.csproj", "{0A020874-93A6-4062-9824-FBC602D511B4}"
EndProject
Project("{9A19103F-16F7-4668-BE54-9A1E7A4F7556}") = "TodoList.Tests", "TodoList.Tests\TodoList.Tests.csproj", "{EA8040B4-8F39-4156-9ED3-A227D5AC1B26}"
EndProject
Global
	GlobalSection(SolutionConfigurationPlatforms) = preSolution
		Debug|Any CPU = Debug|Any CPU
		Release|Any CPU = Release|Any CPU
	EndGlobalSection
	GlobalSection(ProjectConfigurationPlatforms) = postSolution
		{8624882C-DD1C-4E48-B006-5D12C39F41A7}.Debug|Any CPU.ActiveCfg = Debug|Any CPU
		{8624882C-DD1C-4E48-B006-5D12C39F41A7}.Debug|Any CPU.Build.0 = Debug|Any CPU
		{8624882C-DD1C-4E48-B006-5D12C39F41A7}.Release|Any CPU.ActiveCfg = Release|Any CPU
		{8624882C-DD1C-4E48-B006-5D12C39F41A7}.Release|Any CPU.Build.0 = Release|Any CPU
		{0910F1A9-3C01-47FB-B4CA-FC908E354AD7}.Debug|Any CPU.ActiveCfg = Debug|Any CPU
		{0910F1A9-3C01-47FB-B4CA-FC908E354AD7}.Debug|Any CPU.Build.0 = Debug|Any CPU
		{0910F1A9-3C01-47FB-B4CA-FC908E354AD7}.Release|Any CPU.ActiveCfg = Release|Any CPU
		{0910F1A9-3C01-47FB-B4CA-FC908E354AD7}.Release|Any CPU.Build.0 = Release|Any CPU
		{0A020874-93A6-4062-9824-FBC602D511B4}.Debug|Any CPU.ActiveCfg = Debug|Any CPU
		{0A020874-93A6-4062-9824-FBC602D511B4}.Debug|Any CPU.Build.0 = Debug|Any CPU
		{0A020874-93A6-4062-9824-FBC602D511B4}.Release|Any CPU.ActiveCfg = Release|Any CPU
		{0A020874-93A6-4062-9824-FBC602D511B4}.Release|Any CPU.Build.0 = Release|Any CPU
		{EA8040B4-8F39-4156-9ED3-A227D5AC1B26}.Debug|Any CPU.ActiveCfg = Debug|Any CPU
		{EA8040B4-8F39-4156-9ED3-A227D5AC1B26}.Debug|Any CPU.Build.0 = Debug|Any CPU
		{EA8040B4-8F39-4156-9ED3-A227D5AC1B26}.Release|Any CPU.ActiveCfg = Release|Any CPU
		{EA8040B4-8F39-4156-9ED3-A227D5AC1B26}.Release|Any CPU.Build.0 = Release|Any CPU
	EndGlobalSection
	GlobalSection(SolutionProperties) = preSolution
		HideSolutionNode = FALSE
	EndGlobalSection
	GlobalSection(ExtensibilityGlobals) = postSolution
		SolutionGuid = {FF391AD9-CE2A-4602-9886-AFF7066954C4}
	EndGlobalSection
EndGlobal
